{
  "nodes": {
    "nixpkgs": {
      "locked": {
        "lastModified": 1641814579,
        "narHash": "sha256-uBm0cQJ2WscFTsyLCcSQ4jmQFFQ36W/FS+Lmlhya2NA=",
        "owner": "nixos",
        "repo": "nixpkgs",
        "rev": "b426ea250c498a995d97b03907fde9ef592e6b9f",
        "type": "github"
      },
      "original": {
        "owner": "nixos",
        "repo": "nixpkgs",
        "type": "github"
      }
    },
    "root": {
      "inputs": {
        "nixpkgs": "nixpkgs"
      }
    }
  },
  "root": "root",
  "version": 7
}
